
Microsoft Visual Studio Solution File, Format Version 12.00
# Visual Studio Version 17
VisualStudioVersion = 17.2.32516.85
MinimumVisualStudioVersion = 10.0.40219.1
Project("{FAE04EC0-301F-11D3-BF4B-00C04F79EFBC}") = "Stacks", "Stacks\Stacks.csproj", "{FAB83770-4923-4C35-8E0E-E8A56B46CB46}"
EndProject
Project("{FAE04EC0-301F-11D3-BF4B-00C04F79EFBC}") = "Queues", "Queues\Queues.csproj", "{C09D43D4-A31B-4EC9-989C-5961A36933C5}"
EndProject
Project("{FAE04EC0-301F-11D3-BF4B-00C04F79EFBC}") = "Dictionaries", "Dictionaries\Dictionaries.csproj", "{ADF11B62-56B1-4930-B379-0C9D1913E168}"
EndProject
Project("{FAE04EC0-301F-11D3-BF4B-00C04F79EFBC}") = "MultiArrays", "MultiArrays\MultiArrays.csproj", "{1074E8E2-3EBC-4040-B862-49D9558E0CA8}"
EndProject
Global
	GlobalSection(SolutionConfigurationPlatforms) = preSolution
		Debug|Any CPU = Debug|Any CPU
		Release|Any CPU = Release|Any CPU
	EndGlobalSection
	GlobalSection(ProjectConfigurationPlatforms) = postSolution
		{FAB83770-4923-4C35-8E0E-E8A56B46CB46}.Debug|Any CPU.ActiveCfg = Debug|Any CPU
		{FAB83770-4923-4C35-8E0E-E8A56B46CB46}.Debug|Any CPU.Build.0 = Debug|Any CPU
		{FAB83770-4923-4C35-8E0E-E8A56B46CB46}.Release|Any CPU.ActiveCfg = Release|Any CPU
		{FAB83770-4923-4C35-8E0E-E8A56B46CB46}.Release|Any CPU.Build.0 = Release|Any CPU
		{C09D43D4-A31B-4EC9-989C-5961A36933C5}.Debug|Any CPU.ActiveCfg = Debug|Any CPU
		{C09D43D4-A31B-4EC9-989C-5961A36933C5}.Debug|Any CPU.Build.0 = Debug|Any CPU
		{C09D43D4-A31B-4EC9-989C-5961A36933C5}.Release|Any CPU.ActiveCfg = Release|Any CPU
		{C09D43D4-A31B-4EC9-989C-5961A36933C5}.Release|Any CPU.Build.0 = Release|Any CPU
		{ADF11B62-56B1-4930-B379-0C9D1913E168}.Debug|Any CPU.ActiveCfg = Debug|Any CPU
		{ADF11B62-56B1-4930-B379-0C9D1913E168}.Debug|Any CPU.Build.0 = Debug|Any CPU
		{ADF11B62-56B1-4930-B379-0C9D1913E168}.Release|Any CPU.ActiveCfg = Release|Any CPU
		{ADF11B62-56B1-4930-B379-0C9D1913E168}.Release|Any CPU.Build.0 = Release|Any CPU
		{1074E8E2-3EBC-4040-B862-49D9558E0CA8}.Debug|Any CPU.ActiveCfg = Debug|Any CPU
		{1074E8E2-3EBC-4040-B862-49D9558E0CA8}.Debug|Any CPU.Build.0 = Debug|Any CPU
		{1074E8E2-3EBC-4040-B862-49D9558E0CA8}.Release|Any CPU.ActiveCfg = Release|Any CPU
		{1074E8E2-3EBC-4040-B862-49D9558E0CA8}.Release|Any CPU.Build.0 = Release|Any CPU
	EndGlobalSection
	GlobalSection(SolutionProperties) = preSolution
		HideSolutionNode = FALSE
	EndGlobalSection
	GlobalSection(ExtensibilityGlobals) = postSolution
		SolutionGuid = {65CD36FA-D89A-4BEE-BD2A-08169B155719}
	EndGlobalSection
EndGlobal
